
Microsoft Visual Studio Solution File, Format Version 12.00
# Visual Studio Version 17
VisualStudioVersion = 17.5.002.0
MinimumVisualStudioVersion = 10.0.40219.1
Project("{2150E333-8FDC-42A3-9474-1A3956D46DE8}") = "week01", "week01", "{572F7741-C149-45A3-B072-024915064331}"
EndProject
Project("{9A19103F-16F7-4668-BE54-9A1E7A4F7556}") = "code", "week01\code\code.csproj", "{A99C853A-5542-4429-BCCC-54B1D4DB18D7}"
EndProject
Project("{9A19103F-16F7-4668-BE54-9A1E7A4F7556}") = "analyze", "week01\analyze\analyze.csproj", "{BAB58500-63AE-401E-BB4D-A6D6AE6894B6}"
EndProject
Project("{9A19103F-16F7-4668-BE54-9A1E7A4F7556}") = "teach", "week01\teach\teach.csproj", "{3A304056-9C12-4774-ABBD-DD2271725A84}"
EndProject
Project("{2150E333-8FDC-42A3-9474-1A3956D46DE8}") = "week06", "week06", "{1EF73370-D67B-4891-A21E-E75079E376D8}"
EndProject
Project("{9A19103F-16F7-4668-BE54-9A1E7A4F7556}") = "code", "week06\code\code.csproj", "{7720F63C-BDF3-4DAB-BE4B-90710F6F1E47}"
EndProject
Project("{2150E333-8FDC-42A3-9474-1A3956D46DE8}") = "sandbox", "sandbox", "{B7C1C79F-F1A1-4BA5-A001-1A1123547CD3}"
EndProject
Project("{9A19103F-16F7-4668-BE54-9A1E7A4F7556}") = "sandbox_project", "sandbox\sandbox_project\sandbox_project.csproj", "{464BAC3A-2D55-4E8D-ABB4-CE8AF6BD4461}"
EndProject
Project("{2150E333-8FDC-42A3-9474-1A3956D46DE8}") = "week05", "week05", "{DF1C8E94-B0AD-46D6-B31F-A7DE2870BB71}"
EndProject
Project("{9A19103F-16F7-4668-BE54-9A1E7A4F7556}") = "code", "week05\code\code.csproj", "{9041FBBD-6118-4C26-AE75-52B104501F14}"
EndProject
Project("{2150E333-8FDC-42A3-9474-1A3956D46DE8}") = "week02", "week02", "{BFB0BB67-B972-4230-9126-141C2E53B175}"
EndProject
Project("{9A19103F-16F7-4668-BE54-9A1E7A4F7556}") = "learn", "week02\learn\learn.csproj", "{2C116E5B-43CD-4142-A5FE-DA1C02EB6C07}"
EndProject
Project("{9A19103F-16F7-4668-BE54-9A1E7A4F7556}") = "code", "week02\code\code.csproj", "{8BF5D85A-F9DD-40F3-9F9A-0CED48974AB5}"
EndProject
Project("{9A19103F-16F7-4668-BE54-9A1E7A4F7556}") = "analyze", "week02\analyze\analyze.csproj", "{E03971D8-86A2-46DA-8AF6-C87ED7BE5A38}"
EndProject
Project("{9A19103F-16F7-4668-BE54-9A1E7A4F7556}") = "teach", "week02\teach\teach.csproj", "{F448B291-8BBE-40D2-94A2-B0F53BABA860}"
EndProject
Project("{2150E333-8FDC-42A3-9474-1A3956D46DE8}") = "week03", "week03", "{BF6BE940-1454-4967-8617-365CEF2436E8}"
EndProject
Project("{9A19103F-16F7-4668-BE54-9A1E7A4F7556}") = "learn", "week03\learn\learn.csproj", "{557B8CCD-69A9-43F6-BC39-664B2FD95283}"
EndProject
Project("{9A19103F-16F7-4668-BE54-9A1E7A4F7556}") = "code", "week03\code\code.csproj", "{468093F6-950F-4F41-8D06-AF3BB2001FFE}"
EndProject
Project("{9A19103F-16F7-4668-BE54-9A1E7A4F7556}") = "teach", "week03\teach\teach.csproj", "{A62368A9-0533-4FCF-8D3C-BDB6F762D6E1}"
EndProject
Project("{2150E333-8FDC-42A3-9474-1A3956D46DE8}") = "week04", "week04", "{7D9B43DB-FDDA-4E6A-A492-A623C3651CFD}"
EndProject
Project("{9A19103F-16F7-4668-BE54-9A1E7A4F7556}") = "code", "week04\code\code.csproj", "{72B85B43-2BA9-4E74-A8F2-042B7BD6F00F}"
EndProject
Global
	GlobalSection(SolutionConfigurationPlatforms) = preSolution
		Debug|Any CPU = Debug|Any CPU
		Release|Any CPU = Release|Any CPU
	EndGlobalSection
	GlobalSection(ProjectConfigurationPlatforms) = postSolution
		{A99C853A-5542-4429-BCCC-54B1D4DB18D7}.Debug|Any CPU.ActiveCfg = Debug|Any CPU
		{A99C853A-5542-4429-BCCC-54B1D4DB18D7}.Debug|Any CPU.Build.0 = Debug|Any CPU
		{A99C853A-5542-4429-BCCC-54B1D4DB18D7}.Release|Any CPU.ActiveCfg = Release|Any CPU
		{A99C853A-5542-4429-BCCC-54B1D4DB18D7}.Release|Any CPU.Build.0 = Release|Any CPU
		{BAB58500-63AE-401E-BB4D-A6D6AE6894B6}.Debug|Any CPU.ActiveCfg = Debug|Any CPU
		{BAB58500-63AE-401E-BB4D-A6D6AE6894B6}.Debug|Any CPU.Build.0 = Debug|Any CPU
		{BAB58500-63AE-401E-BB4D-A6D6AE6894B6}.Release|Any CPU.ActiveCfg = Release|Any CPU
		{BAB58500-63AE-401E-BB4D-A6D6AE6894B6}.Release|Any CPU.Build.0 = Release|Any CPU
		{3A304056-9C12-4774-ABBD-DD2271725A84}.Debug|Any CPU.ActiveCfg = Debug|Any CPU
		{3A304056-9C12-4774-ABBD-DD2271725A84}.Debug|Any CPU.Build.0 = Debug|Any CPU
		{3A304056-9C12-4774-ABBD-DD2271725A84}.Release|Any CPU.ActiveCfg = Release|Any CPU
		{3A304056-9C12-4774-ABBD-DD2271725A84}.Release|Any CPU.Build.0 = Release|Any CPU
		{7720F63C-BDF3-4DAB-BE4B-90710F6F1E47}.Debug|Any CPU.ActiveCfg = Debug|Any CPU
		{7720F63C-BDF3-4DAB-BE4B-90710F6F1E47}.Debug|Any CPU.Build.0 = Debug|Any CPU
		{7720F63C-BDF3-4DAB-BE4B-90710F6F1E47}.Release|Any CPU.ActiveCfg = Release|Any CPU
		{7720F63C-BDF3-4DAB-BE4B-90710F6F1E47}.Release|Any CPU.Build.0 = Release|Any CPU
		{464BAC3A-2D55-4E8D-ABB4-CE8AF6BD4461}.Debug|Any CPU.ActiveCfg = Debug|Any CPU
		{464BAC3A-2D55-4E8D-ABB4-CE8AF6BD4461}.Debug|Any CPU.Build.0 = Debug|Any CPU
		{464BAC3A-2D55-4E8D-ABB4-CE8AF6BD4461}.Release|Any CPU.ActiveCfg = Release|Any CPU
		{464BAC3A-2D55-4E8D-ABB4-CE8AF6BD4461}.Release|Any CPU.Build.0 = Release|Any CPU
		{9041FBBD-6118-4C26-AE75-52B104501F14}.Debug|Any CPU.ActiveCfg = Debug|Any CPU
		{9041FBBD-6118-4C26-AE75-52B104501F14}.Debug|Any CPU.Build.0 = Debug|Any CPU
		{9041FBBD-6118-4C26-AE75-52B104501F14}.Release|Any CPU.ActiveCfg = Release|Any CPU
		{9041FBBD-6118-4C26-AE75-52B104501F14}.Release|Any CPU.Build.0 = Release|Any CPU
		{2C116E5B-43CD-4142-A5FE-DA1C02EB6C07}.Debug|Any CPU.ActiveCfg = Debug|Any CPU
		{2C116E5B-43CD-4142-A5FE-DA1C02EB6C07}.Debug|Any CPU.Build.0 = Debug|Any CPU
		{2C116E5B-43CD-4142-A5FE-DA1C02EB6C07}.Release|Any CPU.ActiveCfg = Release|Any CPU
		{2C116E5B-43CD-4142-A5FE-DA1C02EB6C07}.Release|Any CPU.Build.0 = Release|Any CPU
		{8BF5D85A-F9DD-40F3-9F9A-0CED48974AB5}.Debug|Any CPU.ActiveCfg = Debug|Any CPU
		{8BF5D85A-F9DD-40F3-9F9A-0CED48974AB5}.Debug|Any CPU.Build.0 = Debug|Any CPU
		{8BF5D85A-F9DD-40F3-9F9A-0CED48974AB5}.Release|Any CPU.ActiveCfg = Release|Any CPU
		{8BF5D85A-F9DD-40F3-9F9A-0CED48974AB5}.Release|Any CPU.Build.0 = Release|Any CPU
		{E03971D8-86A2-46DA-8AF6-C87ED7BE5A38}.Debug|Any CPU.ActiveCfg = Debug|Any CPU
		{E03971D8-86A2-46DA-8AF6-C87ED7BE5A38}.Debug|Any CPU.Build.0 = Debug|Any CPU
		{E03971D8-86A2-46DA-8AF6-C87ED7BE5A38}.Release|Any CPU.ActiveCfg = Release|Any CPU
		{E03971D8-86A2-46DA-8AF6-C87ED7BE5A38}.Release|Any CPU.Build.0 = Release|Any CPU
		{F448B291-8BBE-40D2-94A2-B0F53BABA860}.Debug|Any CPU.ActiveCfg = Debug|Any CPU
		{F448B291-8BBE-40D2-94A2-B0F53BABA860}.Debug|Any CPU.Build.0 = Debug|Any CPU
		{F448B291-8BBE-40D2-94A2-B0F53BABA860}.Release|Any CPU.ActiveCfg = Release|Any CPU
		{F448B291-8BBE-40D2-94A2-B0F53BABA860}.Release|Any CPU.Build.0 = Release|Any CPU
		{557B8CCD-69A9-43F6-BC39-664B2FD95283}.Debug|Any CPU.ActiveCfg = Debug|Any CPU
		{557B8CCD-69A9-43F6-BC39-664B2FD95283}.Debug|Any CPU.Build.0 = Debug|Any CPU
		{557B8CCD-69A9-43F6-BC39-664B2FD95283}.Release|Any CPU.ActiveCfg = Release|Any CPU
		{557B8CCD-69A9-43F6-BC39-664B2FD95283}.Release|Any CPU.Build.0 = Release|Any CPU
		{468093F6-950F-4F41-8D06-AF3BB2001FFE}.Debug|Any CPU.ActiveCfg = Debug|Any CPU
		{468093F6-950F-4F41-8D06-AF3BB2001FFE}.Debug|Any CPU.Build.0 = Debug|Any CPU
		{468093F6-950F-4F41-8D06-AF3BB2001FFE}.Release|Any CPU.ActiveCfg = Release|Any CPU
		{468093F6-950F-4F41-8D06-AF3BB2001FFE}.Release|Any CPU.Build.0 = Release|Any CPU
		{A62368A9-0533-4FCF-8D3C-BDB6F762D6E1}.Debug|Any CPU.ActiveCfg = Debug|Any CPU
		{A62368A9-0533-4FCF-8D3C-BDB6F762D6E1}.Debug|Any CPU.Build.0 = Debug|Any CPU
		{A62368A9-0533-4FCF-8D3C-BDB6F762D6E1}.Release|Any CPU.ActiveCfg = Release|Any CPU
		{A62368A9-0533-4FCF-8D3C-BDB6F762D6E1}.Release|Any CPU.Build.0 = Release|Any CPU
		{72B85B43-2BA9-4E74-A8F2-042B7BD6F00F}.Debug|Any CPU.ActiveCfg = Debug|Any CPU
		{72B85B43-2BA9-4E74-A8F2-042B7BD6F00F}.Debug|Any CPU.Build.0 = Debug|Any CPU
		{72B85B43-2BA9-4E74-A8F2-042B7BD6F00F}.Release|Any CPU.ActiveCfg = Release|Any CPU
		{72B85B43-2BA9-4E74-A8F2-042B7BD6F00F}.Release|Any CPU.Build.0 = Release|Any CPU
	EndGlobalSection
	GlobalSection(SolutionProperties) = preSolution
		HideSolutionNode = FALSE
	EndGlobalSection
	GlobalSection(NestedProjects) = preSolution
		{A99C853A-5542-4429-BCCC-54B1D4DB18D7} = {572F7741-C149-45A3-B072-024915064331}
		{BAB58500-63AE-401E-BB4D-A6D6AE6894B6} = {572F7741-C149-45A3-B072-024915064331}
		{3A304056-9C12-4774-ABBD-DD2271725A84} = {572F7741-C149-45A3-B072-024915064331}
		{7720F63C-BDF3-4DAB-BE4B-90710F6F1E47} = {1EF73370-D67B-4891-A21E-E75079E376D8}
		{464BAC3A-2D55-4E8D-ABB4-CE8AF6BD4461} = {B7C1C79F-F1A1-4BA5-A001-1A1123547CD3}
		{9041FBBD-6118-4C26-AE75-52B104501F14} = {DF1C8E94-B0AD-46D6-B31F-A7DE2870BB71}
		{2C116E5B-43CD-4142-A5FE-DA1C02EB6C07} = {BFB0BB67-B972-4230-9126-141C2E53B175}
		{8BF5D85A-F9DD-40F3-9F9A-0CED48974AB5} = {BFB0BB67-B972-4230-9126-141C2E53B175}
		{E03971D8-86A2-46DA-8AF6-C87ED7BE5A38} = {BFB0BB67-B972-4230-9126-141C2E53B175}
		{F448B291-8BBE-40D2-94A2-B0F53BABA860} = {BFB0BB67-B972-4230-9126-141C2E53B175}
		{557B8CCD-69A9-43F6-BC39-664B2FD95283} = {BF6BE940-1454-4967-8617-365CEF2436E8}
		{468093F6-950F-4F41-8D06-AF3BB2001FFE} = {BF6BE940-1454-4967-8617-365CEF2436E8}
		{A62368A9-0533-4FCF-8D3C-BDB6F762D6E1} = {BF6BE940-1454-4967-8617-365CEF2436E8}
		{72B85B43-2BA9-4E74-A8F2-042B7BD6F00F} = {7D9B43DB-FDDA-4E6A-A492-A623C3651CFD}
	EndGlobalSection
	GlobalSection(ExtensibilityGlobals) = postSolution
		SolutionGuid = {A5AACE8E-4CFF-48AC-A169-7E4E22103647}
	EndGlobalSection
EndGlobal
